
Microsoft Visual Studio Solution File, Format Version 12.00
# Visual Studio Version 17
VisualStudioVersion = 17.7.34024.191
MinimumVisualStudioVersion = 10.0.40219.1
Project("{FAE04EC0-301F-11D3-BF4B-00C04F79EFBC}") = "StringLibrary", "StringLibrary\StringLibrary.csproj", "{F3A993FC-3B79-4971-B5F4-47CE7923416A}"
EndProject
Global
	GlobalSection(SolutionConfigurationPlatforms) = preSolution
		Debug|Any CPU = Debug|Any CPU
		Release|Any CPU = Release|Any CPU
	EndGlobalSection
	GlobalSection(ProjectConfigurationPlatforms) = postSolution
		{F3A993FC-3B79-4971-B5F4-47CE7923416A}.Debug|Any CPU.ActiveCfg = Debug|Any CPU
		{F3A993FC-3B79-4971-B5F4-47CE7923416A}.Debug|Any CPU.Build.0 = Debug|Any CPU
		{F3A993FC-3B79-4971-B5F4-47CE7923416A}.Release|Any CPU.ActiveCfg = Release|Any CPU
		{F3A993FC-3B79-4971-B5F4-47CE7923416A}.Release|Any CPU.Build.0 = Release|Any CPU
	EndGlobalSection
	GlobalSection(SolutionProperties) = preSolution
		HideSolutionNode = FALSE
	EndGlobalSection
	GlobalSection(ExtensibilityGlobals) = postSolution
		SolutionGuid = {04ABA462-977E-4612-AEBA-23BA1488998A}
	EndGlobalSection
EndGlobal
